<Solution>
  <Folder Name="/src/">
    <Project Path="src/Aspire.Hosting.OnePassword/Aspire.Hosting.OnePassword.csproj" />
  </Folder>
  <Folder Name="/tests/">
    <Project Path="tests/Aspire.Hosting.OnePassword.Tests/Aspire.Hosting.OnePassword.Tests.csproj" Id="d98ecfce-efae-4238-84d5-47fd48b6e56f" />
  </Folder>
</Solution>
